// !$*UTF8*$!
{
	archiveVersion = 1;
	classes = {
	};
	objectVersion = 50;
	objects = {

/* Begin PBXBuildFile section */
		00177488226D17CC00A8B2D7 /* AppDelegate.swift in Sources */ = {isa = PBXBuildFile; fileRef = 00177487226D17CC00A8B2D7 /* AppDelegate.swift */; };
		0017748A226D17CC00A8B2D7 /* AddCourseViewController.swift in Sources */ = {isa = PBXBuildFile; fileRef = 00177489226D17CC00A8B2D7 /* AddCourseViewController.swift */; };
		0017748D226D17CC00A8B2D7 /* Main.storyboard in Resources */ = {isa = PBXBuildFile; fileRef = 0017748B226D17CC00A8B2D7 /* Main.storyboard */; };
		0017748F226D17CF00A8B2D7 /* Assets.xcassets in Resources */ = {isa = PBXBuildFile; fileRef = 0017748E226D17CF00A8B2D7 /* Assets.xcassets */; };
		00177492226D17CF00A8B2D7 /* LaunchScreen.storyboard in Resources */ = {isa = PBXBuildFile; fileRef = 00177490226D17CF00A8B2D7 /* LaunchScreen.storyboard */; };
		0017749D226D17CF00A8B2D7 /* PortableClassesTests.swift in Sources */ = {isa = PBXBuildFile; fileRef = 0017749C226D17CF00A8B2D7 /* PortableClassesTests.swift */; };
		001774A8226D17CF00A8B2D7 /* PortableClassesUITests.swift in Sources */ = {isa = PBXBuildFile; fileRef = 001774A7226D17CF00A8B2D7 /* PortableClassesUITests.swift */; };
		001774BA226D1D7900A8B2D7 /* GoogleService-Info.plist in Resources */ = {isa = PBXBuildFile; fileRef = 001774B9226D1D7900A8B2D7 /* GoogleService-Info.plist */; };
		0025FB922271537400F7A8F0 /* MapViewController.swift in Sources */ = {isa = PBXBuildFile; fileRef = 0025FB912271537400F7A8F0 /* MapViewController.swift */; };
		0025FB9A2277AD9000F7A8F0 /* CameraViewController.swift in Sources */ = {isa = PBXBuildFile; fileRef = 0025FB992277AD9000F7A8F0 /* CameraViewController.swift */; };
		00B8B04F227120B600499EFB /* OverviewViewController.swift in Sources */ = {isa = PBXBuildFile; fileRef = 00B8B04E227120B500499EFB /* OverviewViewController.swift */; };
		00E1751D227CC1AD00DDD4B0 /* NotesViewController.swift in Sources */ = {isa = PBXBuildFile; fileRef = 00E1751C227CC1AD00DDD4B0 /* NotesViewController.swift */; };
		00E17521227CC5D700DDD4B0 /* CardsViewController.swift in Sources */ = {isa = PBXBuildFile; fileRef = 00E17520227CC5D700DDD4B0 /* CardsViewController.swift */; };
		00E17523227CCD2800DDD4B0 /* AddNoteViewController.swift in Sources */ = {isa = PBXBuildFile; fileRef = 00E17522227CCD2800DDD4B0 /* AddNoteViewController.swift */; };
		00E17525227CD55E00DDD4B0 /* ViewNoteViewController.swift in Sources */ = {isa = PBXBuildFile; fileRef = 00E17524227CD55E00DDD4B0 /* ViewNoteViewController.swift */; };
		00E17527227E1A7800DDD4B0 /* PicsCollectionViewController.swift in Sources */ = {isa = PBXBuildFile; fileRef = 00E17526227E1A7800DDD4B0 /* PicsCollectionViewController.swift */; };
		00E17529227E231A00DDD4B0 /* CollectionViewCell.swift in Sources */ = {isa = PBXBuildFile; fileRef = 00E17528227E231A00DDD4B0 /* CollectionViewCell.swift */; };
		00E1752D227F5FDE00DDD4B0 /* LinkedTextView.swift in Sources */ = {isa = PBXBuildFile; fileRef = 00E1752C227F5FDE00DDD4B0 /* LinkedTextView.swift */; };
		00E1752F227F6D5900DDD4B0 /* FullImageViewController.swift in Sources */ = {isa = PBXBuildFile; fileRef = 00E1752E227F6D5900DDD4B0 /* FullImageViewController.swift */; };
		205AC9290D2217819478E9E1 /* Pods_PortableClasses.framework in Frameworks */ = {isa = PBXBuildFile; fileRef = C0E597AAAD2E77FE089D9B59 /* Pods_PortableClasses.framework */; };
		4F5F59DF226FA9E7005478D6 /* LoginViewController.swift in Sources */ = {isa = PBXBuildFile; fileRef = 4F5F59DE226FA9E7005478D6 /* LoginViewController.swift */; };
		4F5F59E1226FB5CD005478D6 /* RegisterViewController.swift in Sources */ = {isa = PBXBuildFile; fileRef = 4F5F59E0226FB5CD005478D6 /* RegisterViewController.swift */; };
		4F663AA22274C7D5003758EB /* SemestersTableViewController.swift in Sources */ = {isa = PBXBuildFile; fileRef = 4F663AA12274C7D5003758EB /* SemestersTableViewController.swift */; };
		4F663AA42274F0AF003758EB /* ClassesTableViewController.swift in Sources */ = {isa = PBXBuildFile; fileRef = 4F663AA32274F0AF003758EB /* ClassesTableViewController.swift */; };
		4F7B7453227ABC6B001F4141 /* ClassFeaturesTableViewController.swift in Sources */ = {isa = PBXBuildFile; fileRef = 4F7B7452227ABC6B001F4141 /* ClassFeaturesTableViewController.swift */; };
		4F84E13D227ED5BE006AC40E /* FlashCard.swift in Sources */ = {isa = PBXBuildFile; fileRef = 4F84E13C227ED5BE006AC40E /* FlashCard.swift */; };
		4F84E13F227ED5CD006AC40E /* FlashCard.xib in Resources */ = {isa = PBXBuildFile; fileRef = 4F84E13E227ED5CD006AC40E /* FlashCard.xib */; };
		4F84E141227ED668006AC40E /* FlashCardsScrollViewController.swift in Sources */ = {isa = PBXBuildFile; fileRef = 4F84E140227ED668006AC40E /* FlashCardsScrollViewController.swift */; };
		4F84E143227F4EF7006AC40E /* AddFlashCardViewController.swift in Sources */ = {isa = PBXBuildFile; fileRef = 4F84E142227F4EF7006AC40E /* AddFlashCardViewController.swift */; };
		4FAFD325227BC35F004789EA /* DeadlinesTableViewController.swift in Sources */ = {isa = PBXBuildFile; fileRef = 4FAFD324227BC35F004789EA /* DeadlinesTableViewController.swift */; };
		4FAFD327227BC961004789EA /* AddDeadlineViewController.swift in Sources */ = {isa = PBXBuildFile; fileRef = 4FAFD326227BC961004789EA /* AddDeadlineViewController.swift */; };
		8096E61713C007D5B966964E /* Pods_PortableClassesUITests.framework in Frameworks */ = {isa = PBXBuildFile; fileRef = 6B5BF1FAE93C87DEE3962391 /* Pods_PortableClassesUITests.framework */; };
		C8ACA430A3EBE7BDA87B120A /* Pods_PortableClassesTests.framework in Frameworks */ = {isa = PBXBuildFile; fileRef = EDE4DFB0E0B408AF02A9A42B /* Pods_PortableClassesTests.framework */; };
/* End PBXBuildFile section */

/* Begin PBXContainerItemProxy section */
		00177499226D17CF00A8B2D7 /* PBXContainerItemProxy */ = {
			isa = PBXContainerItemProxy;
			containerPortal = 0017747C226D17CC00A8B2D7 /* Project object */;
			proxyType = 1;
			remoteGlobalIDString = 00177483226D17CC00A8B2D7;
			remoteInfo = PortableClasses;
		};
		001774A4226D17CF00A8B2D7 /* PBXContainerItemProxy */ = {
			isa = PBXContainerItemProxy;
			containerPortal = 0017747C226D17CC00A8B2D7 /* Project object */;
			proxyType = 1;
			remoteGlobalIDString = 00177483226D17CC00A8B2D7;
			remoteInfo = PortableClasses;
		};
/* End PBXContainerItemProxy section */

/* Begin PBXFileReference section */
		00177484226D17CC00A8B2D7 /* PortableClasses.app */ = {isa = PBXFileReference; explicitFileType = wrapper.application; includeInIndex = 0; path = PortableClasses.app; sourceTree = BUILT_PRODUCTS_DIR; };
		00177487226D17CC00A8B2D7 /* AppDelegate.swift */ = {isa = PBXFileReference; lastKnownFileType = sourcecode.swift; path = AppDelegate.swift; sourceTree = "<group>"; };
		00177489226D17CC00A8B2D7 /* AddCourseViewController.swift */ = {isa = PBXFileReference; lastKnownFileType = sourcecode.swift; path = AddCourseViewController.swift; sourceTree = "<group>"; };
		0017748C226D17CC00A8B2D7 /* Base */ = {isa = PBXFileReference; lastKnownFileType = file.storyboard; name = Base; path = Base.lproj/Main.storyboard; sourceTree = "<group>"; };
		0017748E226D17CF00A8B2D7 /* Assets.xcassets */ = {isa = PBXFileReference; lastKnownFileType = folder.assetcatalog; path = Assets.xcassets; sourceTree = "<group>"; };
		00177491226D17CF00A8B2D7 /* Base */ = {isa = PBXFileReference; lastKnownFileType = file.storyboard; name = Base; path = Base.lproj/LaunchScreen.storyboard; sourceTree = "<group>"; };
		00177493226D17CF00A8B2D7 /* Info.plist */ = {isa = PBXFileReference; lastKnownFileType = text.plist.xml; path = Info.plist; sourceTree = "<group>"; };
		00177498226D17CF00A8B2D7 /* PortableClassesTests.xctest */ = {isa = PBXFileReference; explicitFileType = wrapper.cfbundle; includeInIndex = 0; path = PortableClassesTests.xctest; sourceTree = BUILT_PRODUCTS_DIR; };
		0017749C226D17CF00A8B2D7 /* PortableClassesTests.swift */ = {isa = PBXFileReference; lastKnownFileType = sourcecode.swift; path = PortableClassesTests.swift; sourceTree = "<group>"; };
		0017749E226D17CF00A8B2D7 /* Info.plist */ = {isa = PBXFileReference; lastKnownFileType = text.plist.xml; path = Info.plist; sourceTree = "<group>"; };
		001774A3226D17CF00A8B2D7 /* PortableClassesUITests.xctest */ = {isa = PBXFileReference; explicitFileType = wrapper.cfbundle; includeInIndex = 0; path = PortableClassesUITests.xctest; sourceTree = BUILT_PRODUCTS_DIR; };
		001774A7226D17CF00A8B2D7 /* PortableClassesUITests.swift */ = {isa = PBXFileReference; lastKnownFileType = sourcecode.swift; path = PortableClassesUITests.swift; sourceTree = "<group>"; };
		001774A9226D17CF00A8B2D7 /* Info.plist */ = {isa = PBXFileReference; lastKnownFileType = text.plist.xml; path = Info.plist; sourceTree = "<group>"; };
		001774B9226D1D7900A8B2D7 /* GoogleService-Info.plist */ = {isa = PBXFileReference; fileEncoding = 4; lastKnownFileType = text.plist.xml; path = "GoogleService-Info.plist"; sourceTree = "<group>"; };
		0025FB912271537400F7A8F0 /* MapViewController.swift */ = {isa = PBXFileReference; lastKnownFileType = sourcecode.swift; path = MapViewController.swift; sourceTree = "<group>"; };
		0025FB992277AD9000F7A8F0 /* CameraViewController.swift */ = {isa = PBXFileReference; lastKnownFileType = sourcecode.swift; path = CameraViewController.swift; sourceTree = "<group>"; };
		00B8B04E227120B500499EFB /* OverviewViewController.swift */ = {isa = PBXFileReference; lastKnownFileType = sourcecode.swift; path = OverviewViewController.swift; sourceTree = "<group>"; };
		00E1751C227CC1AD00DDD4B0 /* NotesViewController.swift */ = {isa = PBXFileReference; lastKnownFileType = sourcecode.swift; path = NotesViewController.swift; sourceTree = "<group>"; };
		00E17520227CC5D700DDD4B0 /* CardsViewController.swift */ = {isa = PBXFileReference; lastKnownFileType = sourcecode.swift; path = CardsViewController.swift; sourceTree = "<group>"; };
		00E17522227CCD2800DDD4B0 /* AddNoteViewController.swift */ = {isa = PBXFileReference; lastKnownFileType = sourcecode.swift; path = AddNoteViewController.swift; sourceTree = "<group>"; };
		00E17524227CD55E00DDD4B0 /* ViewNoteViewController.swift */ = {isa = PBXFileReference; lastKnownFileType = sourcecode.swift; path = ViewNoteViewController.swift; sourceTree = "<group>"; };
		00E17526227E1A7800DDD4B0 /* PicsCollectionViewController.swift */ = {isa = PBXFileReference; lastKnownFileType = sourcecode.swift; path = PicsCollectionViewController.swift; sourceTree = "<group>"; };
		00E17528227E231A00DDD4B0 /* CollectionViewCell.swift */ = {isa = PBXFileReference; lastKnownFileType = sourcecode.swift; path = CollectionViewCell.swift; sourceTree = "<group>"; };
		00E1752C227F5FDE00DDD4B0 /* LinkedTextView.swift */ = {isa = PBXFileReference; lastKnownFileType = sourcecode.swift; path = LinkedTextView.swift; sourceTree = "<group>"; };
		00E1752E227F6D5900DDD4B0 /* FullImageViewController.swift */ = {isa = PBXFileReference; lastKnownFileType = sourcecode.swift; path = FullImageViewController.swift; sourceTree = "<group>"; };
		4F5F59DE226FA9E7005478D6 /* LoginViewController.swift */ = {isa = PBXFileReference; lastKnownFileType = sourcecode.swift; path = LoginViewController.swift; sourceTree = "<group>"; };
		4F5F59E0226FB5CD005478D6 /* RegisterViewController.swift */ = {isa = PBXFileReference; lastKnownFileType = sourcecode.swift; path = RegisterViewController.swift; sourceTree = "<group>"; };
		4F663AA12274C7D5003758EB /* SemestersTableViewController.swift */ = {isa = PBXFileReference; lastKnownFileType = sourcecode.swift; path = SemestersTableViewController.swift; sourceTree = "<group>"; };
		4F663AA32274F0AF003758EB /* ClassesTableViewController.swift */ = {isa = PBXFileReference; lastKnownFileType = sourcecode.swift; path = ClassesTableViewController.swift; sourceTree = "<group>"; };
		4F7B7452227ABC6B001F4141 /* ClassFeaturesTableViewController.swift */ = {isa = PBXFileReference; lastKnownFileType = sourcecode.swift; path = ClassFeaturesTableViewController.swift; sourceTree = "<group>"; };
		4F84E13C227ED5BE006AC40E /* FlashCard.swift */ = {isa = PBXFileReference; lastKnownFileType = sourcecode.swift; path = FlashCard.swift; sourceTree = "<group>"; };
		4F84E13E227ED5CD006AC40E /* FlashCard.xib */ = {isa = PBXFileReference; lastKnownFileType = file.xib; path = FlashCard.xib; sourceTree = "<group>"; };
		4F84E140227ED668006AC40E /* FlashCardsScrollViewController.swift */ = {isa = PBXFileReference; lastKnownFileType = sourcecode.swift; path = FlashCardsScrollViewController.swift; sourceTree = "<group>"; };
		4F84E142227F4EF7006AC40E /* AddFlashCardViewController.swift */ = {isa = PBXFileReference; lastKnownFileType = sourcecode.swift; path = AddFlashCardViewController.swift; sourceTree = "<group>"; };
		4FAFD324227BC35F004789EA /* DeadlinesTableViewController.swift */ = {isa = PBXFileReference; lastKnownFileType = sourcecode.swift; path = DeadlinesTableViewController.swift; sourceTree = "<group>"; };
		4FAFD326227BC961004789EA /* AddDeadlineViewController.swift */ = {isa = PBXFileReference; lastKnownFileType = sourcecode.swift; path = AddDeadlineViewController.swift; sourceTree = "<group>"; };
		6B5BF1FAE93C87DEE3962391 /* Pods_PortableClassesUITests.framework */ = {isa = PBXFileReference; explicitFileType = wrapper.framework; includeInIndex = 0; path = Pods_PortableClassesUITests.framework; sourceTree = BUILT_PRODUCTS_DIR; };
		7EED16BA45CC74AF064D962C /* Pods-PortableClassesUITests.debug.xcconfig */ = {isa = PBXFileReference; includeInIndex = 1; lastKnownFileType = text.xcconfig; name = "Pods-PortableClassesUITests.debug.xcconfig"; path = "Target Support Files/Pods-PortableClassesUITests/Pods-PortableClassesUITests.debug.xcconfig"; sourceTree = "<group>"; };
		B041599370586A621C56B324 /* Pods-PortableClassesTests.debug.xcconfig */ = {isa = PBXFileReference; includeInIndex = 1; lastKnownFileType = text.xcconfig; name = "Pods-PortableClassesTests.debug.xcconfig"; path = "Target Support Files/Pods-PortableClassesTests/Pods-PortableClassesTests.debug.xcconfig"; sourceTree = "<group>"; };
		B0E867397573B3CF063D8FD6 /* Pods-PortableClassesTests.release.xcconfig */ = {isa = PBXFileReference; includeInIndex = 1; lastKnownFileType = text.xcconfig; name = "Pods-PortableClassesTests.release.xcconfig"; path = "Target Support Files/Pods-PortableClassesTests/Pods-PortableClassesTests.release.xcconfig"; sourceTree = "<group>"; };
		B93064667D6728FA85FB5ACD /* Pods-PortableClasses.debug.xcconfig */ = {isa = PBXFileReference; includeInIndex = 1; lastKnownFileType = text.xcconfig; name = "Pods-PortableClasses.debug.xcconfig"; path = "Target Support Files/Pods-PortableClasses/Pods-PortableClasses.debug.xcconfig"; sourceTree = "<group>"; };
		C0E597AAAD2E77FE089D9B59 /* Pods_PortableClasses.framework */ = {isa = PBXFileReference; explicitFileType = wrapper.framework; includeInIndex = 0; path = Pods_PortableClasses.framework; sourceTree = BUILT_PRODUCTS_DIR; };
		E3E187DD64351AF8E5145AD9 /* Pods-PortableClassesUITests.release.xcconfig */ = {isa = PBXFileReference; includeInIndex = 1; lastKnownFileType = text.xcconfig; name = "Pods-PortableClassesUITests.release.xcconfig"; path = "Target Support Files/Pods-PortableClassesUITests/Pods-PortableClassesUITests.release.xcconfig"; sourceTree = "<group>"; };
		EDE4DFB0E0B408AF02A9A42B /* Pods_PortableClassesTests.framework */ = {isa = PBXFileReference; explicitFileType = wrapper.framework; includeInIndex = 0; path = Pods_PortableClassesTests.framework; sourceTree = BUILT_PRODUCTS_DIR; };
		FB24E2204722F16900D69772 /* Pods-PortableClasses.release.xcconfig */ = {isa = PBXFileReference; includeInIndex = 1; lastKnownFileType = text.xcconfig; name = "Pods-PortableClasses.release.xcconfig"; path = "Target Support Files/Pods-PortableClasses/Pods-PortableClasses.release.xcconfig"; sourceTree = "<group>"; };
/* End PBXFileReference section */

/* Begin PBXFrameworksBuildPhase section */
		00177481226D17CC00A8B2D7 /* Frameworks */ = {
			isa = PBXFrameworksBuildPhase;
			buildActionMask = 2147483647;
			files = (
				205AC9290D2217819478E9E1 /* Pods_PortableClasses.framework in Frameworks */,
			);
			runOnlyForDeploymentPostprocessing = 0;
		};
		00177495226D17CF00A8B2D7 /* Frameworks */ = {
			isa = PBXFrameworksBuildPhase;
			buildActionMask = 2147483647;
			files = (
				C8ACA430A3EBE7BDA87B120A /* Pods_PortableClassesTests.framework in Frameworks */,
			);
			runOnlyForDeploymentPostprocessing = 0;
		};
		001774A0226D17CF00A8B2D7 /* Frameworks */ = {
			isa = PBXFrameworksBuildPhase;
			buildActionMask = 2147483647;
			files = (
				8096E61713C007D5B966964E /* Pods_PortableClassesUITests.framework in Frameworks */,
			);
			runOnlyForDeploymentPostprocessing = 0;
		};
/* End PBXFrameworksBuildPhase section */

/* Begin PBXGroup section */
		0017747B226D17CC00A8B2D7 = {
			isa = PBXGroup;
			children = (
				00177486226D17CC00A8B2D7 /* PortableClasses */,
				0017749B226D17CF00A8B2D7 /* PortableClassesTests */,
				001774A6226D17CF00A8B2D7 /* PortableClassesUITests */,
				00177485226D17CC00A8B2D7 /* Products */,
				0DCCC8D8B58EAEEDA8572B7A /* Pods */,
				1A6DE02D96C67191A7051284 /* Frameworks */,
			);
			sourceTree = "<group>";
		};
		00177485226D17CC00A8B2D7 /* Products */ = {
			isa = PBXGroup;
			children = (
				00177484226D17CC00A8B2D7 /* PortableClasses.app */,
				00177498226D17CF00A8B2D7 /* PortableClassesTests.xctest */,
				001774A3226D17CF00A8B2D7 /* PortableClassesUITests.xctest */,
			);
			name = Products;
			sourceTree = "<group>";
		};
		00177486226D17CC00A8B2D7 /* PortableClasses */ = {
			isa = PBXGroup;
			children = (
				00177487226D17CC00A8B2D7 /* AppDelegate.swift */,
				4FAFD326227BC961004789EA /* AddDeadlineViewController.swift */,
				4FAFD324227BC35F004789EA /* DeadlinesTableViewController.swift */,
				00177489226D17CC00A8B2D7 /* AddCourseViewController.swift */,
				00B8B04E227120B500499EFB /* OverviewViewController.swift */,
				4F663AA12274C7D5003758EB /* SemestersTableViewController.swift */,
				4F663AA32274F0AF003758EB /* ClassesTableViewController.swift */,
				4F7B7452227ABC6B001F4141 /* ClassFeaturesTableViewController.swift */,
				4F5F59DE226FA9E7005478D6 /* LoginViewController.swift */,
				4F5F59E0226FB5CD005478D6 /* RegisterViewController.swift */,
				0017748B226D17CC00A8B2D7 /* Main.storyboard */,
				00E1752C227F5FDE00DDD4B0 /* LinkedTextView.swift */,
				00E17528227E231A00DDD4B0 /* CollectionViewCell.swift */,
				00E17524227CD55E00DDD4B0 /* ViewNoteViewController.swift */,
				00E17522227CCD2800DDD4B0 /* AddNoteViewController.swift */,
				00E17520227CC5D700DDD4B0 /* CardsViewController.swift */,
				00E1751C227CC1AD00DDD4B0 /* NotesViewController.swift */,
				0025FB912271537400F7A8F0 /* MapViewController.swift */,
				0017748E226D17CF00A8B2D7 /* Assets.xcassets */,
				00177490226D17CF00A8B2D7 /* LaunchScreen.storyboard */,
				00177493226D17CF00A8B2D7 /* Info.plist */,
				001774B9226D1D7900A8B2D7 /* GoogleService-Info.plist */,
				0025FB992277AD9000F7A8F0 /* CameraViewController.swift */,
				00E17526227E1A7800DDD4B0 /* PicsCollectionViewController.swift */,
				00E1752E227F6D5900DDD4B0 /* FullImageViewController.swift */,
				4F84E13C227ED5BE006AC40E /* FlashCard.swift */,
				4F84E13E227ED5CD006AC40E /* FlashCard.xib */,
				4F84E140227ED668006AC40E /* FlashCardsScrollViewController.swift */,
				4F84E142227F4EF7006AC40E /* AddFlashCardViewController.swift */,
			);
			path = PortableClasses;
			sourceTree = "<group>";
		};
		0017749B226D17CF00A8B2D7 /* PortableClassesTests */ = {
			isa = PBXGroup;
			children = (
				0017749C226D17CF00A8B2D7 /* PortableClassesTests.swift */,
				0017749E226D17CF00A8B2D7 /* Info.plist */,
			);
			path = PortableClassesTests;
			sourceTree = "<group>";
		};
		001774A6226D17CF00A8B2D7 /* PortableClassesUITests */ = {
			isa = PBXGroup;
			children = (
				001774A7226D17CF00A8B2D7 /* PortableClassesUITests.swift */,
				001774A9226D17CF00A8B2D7 /* Info.plist */,
			);
			path = PortableClassesUITests;
			sourceTree = "<group>";
		};
		0DCCC8D8B58EAEEDA8572B7A /* Pods */ = {
			isa = PBXGroup;
			children = (
				B93064667D6728FA85FB5ACD /* Pods-PortableClasses.debug.xcconfig */,
				FB24E2204722F16900D69772 /* Pods-PortableClasses.release.xcconfig */,
				B041599370586A621C56B324 /* Pods-PortableClassesTests.debug.xcconfig */,
				B0E867397573B3CF063D8FD6 /* Pods-PortableClassesTests.release.xcconfig */,
				7EED16BA45CC74AF064D962C /* Pods-PortableClassesUITests.debug.xcconfig */,
				E3E187DD64351AF8E5145AD9 /* Pods-PortableClassesUITests.release.xcconfig */,
			);
			path = Pods;
			sourceTree = "<group>";
		};
		1A6DE02D96C67191A7051284 /* Frameworks */ = {
			isa = PBXGroup;
			children = (
				C0E597AAAD2E77FE089D9B59 /* Pods_PortableClasses.framework */,
				EDE4DFB0E0B408AF02A9A42B /* Pods_PortableClassesTests.framework */,
				6B5BF1FAE93C87DEE3962391 /* Pods_PortableClassesUITests.framework */,
			);
			name = Frameworks;
			sourceTree = "<group>";
		};
/* End PBXGroup section */

/* Begin PBXNativeTarget section */
		00177483226D17CC00A8B2D7 /* PortableClasses */ = {
			isa = PBXNativeTarget;
			buildConfigurationList = 001774AC226D17CF00A8B2D7 /* Build configuration list for PBXNativeTarget "PortableClasses" */;
			buildPhases = (
				6CDC5C78085448BDCD689A39 /* [CP] Check Pods Manifest.lock */,
				00177480226D17CC00A8B2D7 /* Sources */,
				00177481226D17CC00A8B2D7 /* Frameworks */,
				00177482226D17CC00A8B2D7 /* Resources */,
				C7A12E85C07705E9105D056E /* [CP] Embed Pods Frameworks */,
				7411C9CD2E1BF2C6A2F0DB99 /* [CP] Copy Pods Resources */,
			);
			buildRules = (
			);
			dependencies = (
			);
			name = PortableClasses;
			productName = PortableClasses;
			productReference = 00177484226D17CC00A8B2D7 /* PortableClasses.app */;
			productType = "com.apple.product-type.application";
		};
		00177497226D17CF00A8B2D7 /* PortableClassesTests */ = {
			isa = PBXNativeTarget;
			buildConfigurationList = 001774AF226D17CF00A8B2D7 /* Build configuration list for PBXNativeTarget "PortableClassesTests" */;
			buildPhases = (
				1A3660E66D7A2077115F7290 /* [CP] Check Pods Manifest.lock */,
				00177494226D17CF00A8B2D7 /* Sources */,
				00177495226D17CF00A8B2D7 /* Frameworks */,
				00177496226D17CF00A8B2D7 /* Resources */,
			);
			buildRules = (
			);
			dependencies = (
				0017749A226D17CF00A8B2D7 /* PBXTargetDependency */,
			);
			name = PortableClassesTests;
			productName = PortableClassesTests;
			productReference = 00177498226D17CF00A8B2D7 /* PortableClassesTests.xctest */;
			productType = "com.apple.product-type.bundle.unit-test";
		};
		001774A2226D17CF00A8B2D7 /* PortableClassesUITests */ = {
			isa = PBXNativeTarget;
			buildConfigurationList = 001774B2226D17CF00A8B2D7 /* Build configuration list for PBXNativeTarget "PortableClassesUITests" */;
			buildPhases = (
				0AEC1B74460BC783C433F40B /* [CP] Check Pods Manifest.lock */,
				0017749F226D17CF00A8B2D7 /* Sources */,
				001774A0226D17CF00A8B2D7 /* Frameworks */,
				001774A1226D17CF00A8B2D7 /* Resources */,
			);
			buildRules = (
			);
			dependencies = (
				001774A5226D17CF00A8B2D7 /* PBXTargetDependency */,
			);
			name = PortableClassesUITests;
			productName = PortableClassesUITests;
			productReference = 001774A3226D17CF00A8B2D7 /* PortableClassesUITests.xctest */;
			productType = "com.apple.product-type.bundle.ui-testing";
		};
/* End PBXNativeTarget section */

/* Begin PBXProject section */
		0017747C226D17CC00A8B2D7 /* Project object */ = {
			isa = PBXProject;
			attributes = {
				LastSwiftUpdateCheck = 1010;
				LastUpgradeCheck = 1010;
				ORGANIZATIONNAME = nyu.edu;
				TargetAttributes = {
					00177483226D17CC00A8B2D7 = {
						CreatedOnToolsVersion = 10.1;
					};
					00177497226D17CF00A8B2D7 = {
						CreatedOnToolsVersion = 10.1;
						TestTargetID = 00177483226D17CC00A8B2D7;
					};
					001774A2226D17CF00A8B2D7 = {
						CreatedOnToolsVersion = 10.1;
						TestTargetID = 00177483226D17CC00A8B2D7;
					};
				};
			};
			buildConfigurationList = 0017747F226D17CC00A8B2D7 /* Build configuration list for PBXProject "PortableClasses" */;
			compatibilityVersion = "Xcode 9.3";
			developmentRegion = en;
			hasScannedForEncodings = 0;
			knownRegions = (
				en,
				Base,
			);
			mainGroup = 0017747B226D17CC00A8B2D7;
			productRefGroup = 00177485226D17CC00A8B2D7 /* Products */;
			projectDirPath = "";
			projectRoot = "";
			targets = (
				00177483226D17CC00A8B2D7 /* PortableClasses */,
				00177497226D17CF00A8B2D7 /* PortableClassesTests */,
				001774A2226D17CF00A8B2D7 /* PortableClassesUITests */,
			);
		};
/* End PBXProject section */

/* Begin PBXResourcesBuildPhase section */
		00177482226D17CC00A8B2D7 /* Resources */ = {
			isa = PBXResourcesBuildPhase;
			buildActionMask = 2147483647;
			files = (
				4F84E13F227ED5CD006AC40E /* FlashCard.xib in Resources */,
				00177492226D17CF00A8B2D7 /* LaunchScreen.storyboard in Resources */,
				001774BA226D1D7900A8B2D7 /* GoogleService-Info.plist in Resources */,
				0017748F226D17CF00A8B2D7 /* Assets.xcassets in Resources */,
				0017748D226D17CC00A8B2D7 /* Main.storyboard in Resources */,
			);
			runOnlyForDeploymentPostprocessing = 0;
		};
		00177496226D17CF00A8B2D7 /* Resources */ = {
			isa = PBXResourcesBuildPhase;
			buildActionMask = 2147483647;
			files = (
			);
			runOnlyForDeploymentPostprocessing = 0;
		};
		001774A1226D17CF00A8B2D7 /* Resources */ = {
			isa = PBXResourcesBuildPhase;
			buildActionMask = 2147483647;
			files = (
			);
			runOnlyForDeploymentPostprocessing = 0;
		};
/* End PBXResourcesBuildPhase section */

/* Begin PBXShellScriptBuildPhase section */
		0AEC1B74460BC783C433F40B /* [CP] Check Pods Manifest.lock */ = {
			isa = PBXShellScriptBuildPhase;
			buildActionMask = 2147483647;
			files = (
			);
			inputFileListPaths = (
			);
			inputPaths = (
				"${PODS_PODFILE_DIR_PATH}/Podfile.lock",
				"${PODS_ROOT}/Manifest.lock",
			);
			name = "[CP] Check Pods Manifest.lock";
			outputFileListPaths = (
			);
			outputPaths = (
				"$(DERIVED_FILE_DIR)/Pods-PortableClassesUITests-checkManifestLockResult.txt",
			);
			runOnlyForDeploymentPostprocessing = 0;
			shellPath = /bin/sh;
			shellScript = "diff \"${PODS_PODFILE_DIR_PATH}/Podfile.lock\" \"${PODS_ROOT}/Manifest.lock\" > /dev/null\nif [ $? != 0 ] ; then\n    # print error to STDERR\n    echo \"error: The sandbox is not in sync with the Podfile.lock. Run 'pod install' or update your CocoaPods installation.\" >&2\n    exit 1\nfi\n# This output is used by Xcode 'outputs' to avoid re-running this script phase.\necho \"SUCCESS\" > \"${SCRIPT_OUTPUT_FILE_0}\"\n";
			showEnvVarsInLog = 0;
		};
		1A3660E66D7A2077115F7290 /* [CP] Check Pods Manifest.lock */ = {
			isa = PBXShellScriptBuildPhase;
			buildActionMask = 2147483647;
			files = (
			);
			inputFileListPaths = (
			);
			inputPaths = (
				"${PODS_PODFILE_DIR_PATH}/Podfile.lock",
				"${PODS_ROOT}/Manifest.lock",
			);
			name = "[CP] Check Pods Manifest.lock";
			outputFileListPaths = (
			);
			outputPaths = (
				"$(DERIVED_FILE_DIR)/Pods-PortableClassesTests-checkManifestLockResult.txt",
			);
			runOnlyForDeploymentPostprocessing = 0;
			shellPath = /bin/sh;
			shellScript = "diff \"${PODS_PODFILE_DIR_PATH}/Podfile.lock\" \"${PODS_ROOT}/Manifest.lock\" > /dev/null\nif [ $? != 0 ] ; then\n    # print error to STDERR\n    echo \"error: The sandbox is not in sync with the Podfile.lock. Run 'pod install' or update your CocoaPods installation.\" >&2\n    exit 1\nfi\n# This output is used by Xcode 'outputs' to avoid re-running this script phase.\necho \"SUCCESS\" > \"${SCRIPT_OUTPUT_FILE_0}\"\n";
			showEnvVarsInLog = 0;
		};
		6CDC5C78085448BDCD689A39 /* [CP] Check Pods Manifest.lock */ = {
			isa = PBXShellScriptBuildPhase;
			buildActionMask = 2147483647;
			files = (
			);
			inputFileListPaths = (
			);
			inputPaths = (
				"${PODS_PODFILE_DIR_PATH}/Podfile.lock",
				"${PODS_ROOT}/Manifest.lock",
			);
			name = "[CP] Check Pods Manifest.lock";
			outputFileListPaths = (
			);
			outputPaths = (
				"$(DERIVED_FILE_DIR)/Pods-PortableClasses-checkManifestLockResult.txt",
			);
			runOnlyForDeploymentPostprocessing = 0;
			shellPath = /bin/sh;
			shellScript = "diff \"${PODS_PODFILE_DIR_PATH}/Podfile.lock\" \"${PODS_ROOT}/Manifest.lock\" > /dev/null\nif [ $? != 0 ] ; then\n    # print error to STDERR\n    echo \"error: The sandbox is not in sync with the Podfile.lock. Run 'pod install' or update your CocoaPods installation.\" >&2\n    exit 1\nfi\n# This output is used by Xcode 'outputs' to avoid re-running this script phase.\necho \"SUCCESS\" > \"${SCRIPT_OUTPUT_FILE_0}\"\n";
			showEnvVarsInLog = 0;
		};
		7411C9CD2E1BF2C6A2F0DB99 /* [CP] Copy Pods Resources */ = {
			isa = PBXShellScriptBuildPhase;
			buildActionMask = 2147483647;
			files = (
			);
			inputFileListPaths = (
			);
			inputPaths = (
				"${PODS_ROOT}/Target Support Files/Pods-PortableClasses/Pods-PortableClasses-resources.sh",
				"${PODS_CONFIGURATION_BUILD_DIR}/FirebaseUI/FirebaseAnonymousAuthUI.bundle",
				"${PODS_CONFIGURATION_BUILD_DIR}/FirebaseUI/FirebaseAuthUI.bundle",
				"${PODS_CONFIGURATION_BUILD_DIR}/FirebaseUI/FirebaseEmailAuthUI.bundle",
				"${PODS_CONFIGURATION_BUILD_DIR}/FirebaseUI/FirebaseFacebookAuthUI.bundle",
				"${PODS_CONFIGURATION_BUILD_DIR}/FirebaseUI/FirebaseGoogleAuthUI.bundle",
				"${PODS_CONFIGURATION_BUILD_DIR}/FirebaseUI/FirebasePhoneAuthUI.bundle",
				"${PODS_CONFIGURATION_BUILD_DIR}/FirebaseUI/FirebaseTwitterAuthUI.bundle",
				"${PODS_ROOT}/GoogleSignIn/Resources/GoogleSignIn.bundle",
				"${PODS_ROOT}/TwitterKit/iOS/TwitterKit.framework/TwitterKitResources.bundle",
			);
			name = "[CP] Copy Pods Resources";
			outputFileListPaths = (
			);
			outputPaths = (
				"${TARGET_BUILD_DIR}/${UNLOCALIZED_RESOURCES_FOLDER_PATH}/FirebaseAnonymousAuthUI.bundle",
				"${TARGET_BUILD_DIR}/${UNLOCALIZED_RESOURCES_FOLDER_PATH}/FirebaseAuthUI.bundle",
				"${TARGET_BUILD_DIR}/${UNLOCALIZED_RESOURCES_FOLDER_PATH}/FirebaseEmailAuthUI.bundle",
				"${TARGET_BUILD_DIR}/${UNLOCALIZED_RESOURCES_FOLDER_PATH}/FirebaseFacebookAuthUI.bundle",
				"${TARGET_BUILD_DIR}/${UNLOCALIZED_RESOURCES_FOLDER_PATH}/FirebaseGoogleAuthUI.bundle",
				"${TARGET_BUILD_DIR}/${UNLOCALIZED_RESOURCES_FOLDER_PATH}/FirebasePhoneAuthUI.bundle",
				"${TARGET_BUILD_DIR}/${UNLOCALIZED_RESOURCES_FOLDER_PATH}/FirebaseTwitterAuthUI.bundle",
				"${TARGET_BUILD_DIR}/${UNLOCALIZED_RESOURCES_FOLDER_PATH}/GoogleSignIn.bundle",
				"${TARGET_BUILD_DIR}/${UNLOCALIZED_RESOURCES_FOLDER_PATH}/TwitterKitResources.bundle",
			);
			runOnlyForDeploymentPostprocessing = 0;
			shellPath = /bin/sh;
			shellScript = "\"${PODS_ROOT}/Target Support Files/Pods-PortableClasses/Pods-PortableClasses-resources.sh\"\n";
			showEnvVarsInLog = 0;
		};
		C7A12E85C07705E9105D056E /* [CP] Embed Pods Frameworks */ = {
			isa = PBXShellScriptBuildPhase;
			buildActionMask = 2147483647;
			files = (
			);
			inputFileListPaths = (
			);
			inputPaths = (
				"${PODS_ROOT}/Target Support Files/Pods-PortableClasses/Pods-PortableClasses-frameworks.sh",
				"${BUILT_PRODUCTS_DIR}/Bolts/Bolts.framework",
				"${BUILT_PRODUCTS_DIR}/BoringSSL-GRPC/openssl_grpc.framework",
				"${BUILT_PRODUCTS_DIR}/FBSDKCoreKit/FBSDKCoreKit.framework",
				"${BUILT_PRODUCTS_DIR}/FBSDKLoginKit/FBSDKLoginKit.framework",
				"${BUILT_PRODUCTS_DIR}/GTMSessionFetcher/GTMSessionFetcher.framework",
				"${BUILT_PRODUCTS_DIR}/GoogleToolboxForMac/GoogleToolboxForMac.framework",
				"${BUILT_PRODUCTS_DIR}/GoogleUtilities/GoogleUtilities.framework",
				"${BUILT_PRODUCTS_DIR}/Protobuf/Protobuf.framework",
				"${BUILT_PRODUCTS_DIR}/SDWebImage/SDWebImage.framework",
				"${PODS_ROOT}/TwitterCore/iOS/TwitterCore.framework",
				"${PODS_ROOT}/TwitterKit/iOS/TwitterKit.framework",
				"${BUILT_PRODUCTS_DIR}/gRPC-C++/grpcpp.framework",
				"${BUILT_PRODUCTS_DIR}/gRPC-Core/grpc.framework",
				"${BUILT_PRODUCTS_DIR}/leveldb-library/leveldb.framework",
				"${BUILT_PRODUCTS_DIR}/nanopb/nanopb.framework",
			);
			name = "[CP] Embed Pods Frameworks";
			outputFileListPaths = (
			);
			outputPaths = (
				"${TARGET_BUILD_DIR}/${FRAMEWORKS_FOLDER_PATH}/Bolts.framework",
				"${TARGET_BUILD_DIR}/${FRAMEWORKS_FOLDER_PATH}/openssl_grpc.framework",
				"${TARGET_BUILD_DIR}/${FRAMEWORKS_FOLDER_PATH}/FBSDKCoreKit.framework",
				"${TARGET_BUILD_DIR}/${FRAMEWORKS_FOLDER_PATH}/FBSDKLoginKit.framework",
				"${TARGET_BUILD_DIR}/${FRAMEWORKS_FOLDER_PATH}/GTMSessionFetcher.framework",
				"${TARGET_BUILD_DIR}/${FRAMEWORKS_FOLDER_PATH}/GoogleToolboxForMac.framework",
				"${TARGET_BUILD_DIR}/${FRAMEWORKS_FOLDER_PATH}/GoogleUtilities.framework",
				"${TARGET_BUILD_DIR}/${FRAMEWORKS_FOLDER_PATH}/Protobuf.framework",
				"${TARGET_BUILD_DIR}/${FRAMEWORKS_FOLDER_PATH}/SDWebImage.framework",
				"${TARGET_BUILD_DIR}/${FRAMEWORKS_FOLDER_PATH}/TwitterCore.framework",
				"${TARGET_BUILD_DIR}/${FRAMEWORKS_FOLDER_PATH}/TwitterKit.framework",
				"${TARGET_BUILD_DIR}/${FRAMEWORKS_FOLDER_PATH}/grpcpp.framework",
				"${TARGET_BUILD_DIR}/${FRAMEWORKS_FOLDER_PATH}/grpc.framework",
				"${TARGET_BUILD_DIR}/${FRAMEWORKS_FOLDER_PATH}/leveldb.framework",
				"${TARGET_BUILD_DIR}/${FRAMEWORKS_FOLDER_PATH}/nanopb.framework",
			);
			runOnlyForDeploymentPostprocessing = 0;
			shellPath = /bin/sh;
			shellScript = "\"${PODS_ROOT}/Target Support Files/Pods-PortableClasses/Pods-PortableClasses-frameworks.sh\"\n";
			showEnvVarsInLog = 0;
		};
/* End PBXShellScriptBuildPhase section */

/* Begin PBXSourcesBuildPhase section */
		00177480226D17CC00A8B2D7 /* Sources */ = {
			isa = PBXSourcesBuildPhase;
			buildActionMask = 2147483647;
			files = (
				4F84E141227ED668006AC40E /* FlashCardsScrollViewController.swift in Sources */,
				4F5F59DF226FA9E7005478D6 /* LoginViewController.swift in Sources */,
				0025FB9A2277AD9000F7A8F0 /* CameraViewController.swift in Sources */,
				00E17529227E231A00DDD4B0 /* CollectionViewCell.swift in Sources */,
				00E17525227CD55E00DDD4B0 /* ViewNoteViewController.swift in Sources */,
				00E17521227CC5D700DDD4B0 /* CardsViewController.swift in Sources */,
				4F84E13D227ED5BE006AC40E /* FlashCard.swift in Sources */,
				4F7B7453227ABC6B001F4141 /* ClassFeaturesTableViewController.swift in Sources */,
				00E1752D227F5FDE00DDD4B0 /* LinkedTextView.swift in Sources */,
				00E17523227CCD2800DDD4B0 /* AddNoteViewController.swift in Sources */,
				4FAFD325227BC35F004789EA /* DeadlinesTableViewController.swift in Sources */,
				0017748A226D17CC00A8B2D7 /* AddCourseViewController.swift in Sources */,
				4F84E143227F4EF7006AC40E /* AddFlashCardViewController.swift in Sources */,
				00B8B04F227120B600499EFB /* OverviewViewController.swift in Sources */,
				4F663AA22274C7D5003758EB /* SemestersTableViewController.swift in Sources */,
				00E1751D227CC1AD00DDD4B0 /* NotesViewController.swift in Sources */,
				00E1752F227F6D5900DDD4B0 /* FullImageViewController.swift in Sources */,
				00177488226D17CC00A8B2D7 /* AppDelegate.swift in Sources */,
				4FAFD327227BC961004789EA /* AddDeadlineViewController.swift in Sources */,
				4F5F59E1226FB5CD005478D6 /* RegisterViewController.swift in Sources */,
				00E17527227E1A7800DDD4B0 /* PicsCollectionViewController.swift in Sources */,
				4F663AA42274F0AF003758EB /* ClassesTableViewController.swift in Sources */,
				0025FB922271537400F7A8F0 /* MapViewController.swift in Sources */,
			);
			runOnlyForDeploymentPostprocessing = 0;
		};
		00177494226D17CF00A8B2D7 /* Sources */ = {
			isa = PBXSourcesBuildPhase;
			buildActionMask = 2147483647;
			files = (
				0017749D226D17CF00A8B2D7 /* PortableClassesTests.swift in Sources */,
			);
			runOnlyForDeploymentPostprocessing = 0;
		};
		0017749F226D17CF00A8B2D7 /* Sources */ = {
			isa = PBXSourcesBuildPhase;
			buildActionMask = 2147483647;
			files = (
				001774A8226D17CF00A8B2D7 /* PortableClassesUITests.swift in Sources */,
			);
			runOnlyForDeploymentPostprocessing = 0;
		};
/* End PBXSourcesBuildPhase section */

/* Begin PBXTargetDependency section */
		0017749A226D17CF00A8B2D7 /* PBXTargetDependency */ = {
			isa = PBXTargetDependency;
			target = 00177483226D17CC00A8B2D7 /* PortableClasses */;
			targetProxy = 00177499226D17CF00A8B2D7 /* PBXContainerItemProxy */;
		};
		001774A5226D17CF00A8B2D7 /* PBXTargetDependency */ = {
			isa = PBXTargetDependency;
			target = 00177483226D17CC00A8B2D7 /* PortableClasses */;
			targetProxy = 001774A4226D17CF00A8B2D7 /* PBXContainerItemProxy */;
		};
/* End PBXTargetDependency section */

/* Begin PBXVariantGroup section */
		0017748B226D17CC00A8B2D7 /* Main.storyboard */ = {
			isa = PBXVariantGroup;
			children = (
				0017748C226D17CC00A8B2D7 /* Base */,
			);
			name = Main.storyboard;
			sourceTree = "<group>";
		};
		00177490226D17CF00A8B2D7 /* LaunchScreen.storyboard */ = {
			isa = PBXVariantGroup;
			children = (
				00177491226D17CF00A8B2D7 /* Base */,
			);
			name = LaunchScreen.storyboard;
			sourceTree = "<group>";
		};
/* End PBXVariantGroup section */

/* Begin XCBuildConfiguration section */
		001774AA226D17CF00A8B2D7 /* Debug */ = {
			isa = XCBuildConfiguration;
			buildSettings = {
				ALWAYS_SEARCH_USER_PATHS = NO;
				CLANG_ANALYZER_NONNULL = YES;
				CLANG_ANALYZER_NUMBER_OBJECT_CONVERSION = YES_AGGRESSIVE;
				CLANG_CXX_LANGUAGE_STANDARD = "gnu++14";
				CLANG_CXX_LIBRARY = "libc++";
				CLANG_ENABLE_MODULES = YES;
				CLANG_ENABLE_OBJC_ARC = YES;
				CLANG_ENABLE_OBJC_WEAK = YES;
				CLANG_WARN_BLOCK_CAPTURE_AUTORELEASING = YES;
				CLANG_WARN_BOOL_CONVERSION = YES;
				CLANG_WARN_COMMA = YES;
				CLANG_WARN_CONSTANT_CONVERSION = YES;
				CLANG_WARN_DEPRECATED_OBJC_IMPLEMENTATIONS = YES;
				CLANG_WARN_DIRECT_OBJC_ISA_USAGE = YES_ERROR;
				CLANG_WARN_DOCUMENTATION_COMMENTS = YES;
				CLANG_WARN_EMPTY_BODY = YES;
				CLANG_WARN_ENUM_CONVERSION = YES;
				CLANG_WARN_INFINITE_RECURSION = YES;
				CLANG_WARN_INT_CONVERSION = YES;
				CLANG_WARN_NON_LITERAL_NULL_CONVERSION = YES;
				CLANG_WARN_OBJC_IMPLICIT_RETAIN_SELF = YES;
				CLANG_WARN_OBJC_LITERAL_CONVERSION = YES;
				CLANG_WARN_OBJC_ROOT_CLASS = YES_ERROR;
				CLANG_WARN_RANGE_LOOP_ANALYSIS = YES;
				CLANG_WARN_STRICT_PROTOTYPES = YES;
				CLANG_WARN_SUSPICIOUS_MOVE = YES;
				CLANG_WARN_UNGUARDED_AVAILABILITY = YES_AGGRESSIVE;
				CLANG_WARN_UNREACHABLE_CODE = YES;
				CLANG_WARN__DUPLICATE_METHOD_MATCH = YES;
				CODE_SIGN_IDENTITY = "iPhone Developer";
				COPY_PHASE_STRIP = NO;
				DEBUG_INFORMATION_FORMAT = dwarf;
				ENABLE_STRICT_OBJC_MSGSEND = YES;
				ENABLE_TESTABILITY = YES;
				GCC_C_LANGUAGE_STANDARD = gnu11;
				GCC_DYNAMIC_NO_PIC = NO;
				GCC_NO_COMMON_BLOCKS = YES;
				GCC_OPTIMIZATION_LEVEL = 0;
				GCC_PREPROCESSOR_DEFINITIONS = (
					"DEBUG=1",
					"$(inherited)",
				);
				GCC_WARN_64_TO_32_BIT_CONVERSION = YES;
				GCC_WARN_ABOUT_RETURN_TYPE = YES_ERROR;
				GCC_WARN_UNDECLARED_SELECTOR = YES;
				GCC_WARN_UNINITIALIZED_AUTOS = YES_AGGRESSIVE;
				GCC_WARN_UNUSED_FUNCTION = YES;
				GCC_WARN_UNUSED_VARIABLE = YES;
				IPHONEOS_DEPLOYMENT_TARGET = 12.1;
				MTL_ENABLE_DEBUG_INFO = INCLUDE_SOURCE;
				MTL_FAST_MATH = YES;
				ONLY_ACTIVE_ARCH = YES;
				SDKROOT = iphoneos;
				SWIFT_ACTIVE_COMPILATION_CONDITIONS = DEBUG;
				SWIFT_OPTIMIZATION_LEVEL = "-Onone";
			};
			name = Debug;
		};
		001774AB226D17CF00A8B2D7 /* Release */ = {
			isa = XCBuildConfiguration;
			buildSettings = {
				ALWAYS_SEARCH_USER_PATHS = NO;
				CLANG_ANALYZER_NONNULL = YES;
				CLANG_ANALYZER_NUMBER_OBJECT_CONVERSION = YES_AGGRESSIVE;
				CLANG_CXX_LANGUAGE_STANDARD = "gnu++14";
				CLANG_CXX_LIBRARY = "libc++";
				CLANG_ENABLE_MODULES = YES;
				CLANG_ENABLE_OBJC_ARC = YES;
				CLANG_ENABLE_OBJC_WEAK = YES;
				CLANG_WARN_BLOCK_CAPTURE_AUTORELEASING = YES;
				CLANG_WARN_BOOL_CONVERSION = YES;
				CLANG_WARN_COMMA = YES;
				CLANG_WARN_CONSTANT_CONVERSION = YES;
				CLANG_WARN_DEPRECATED_OBJC_IMPLEMENTATIONS = YES;
				CLANG_WARN_DIRECT_OBJC_ISA_USAGE = YES_ERROR;
				CLANG_WARN_DOCUMENTATION_COMMENTS = YES;
				CLANG_WARN_EMPTY_BODY = YES;
				CLANG_WARN_ENUM_CONVERSION = YES;
				CLANG_WARN_INFINITE_RECURSION = YES;
				CLANG_WARN_INT_CONVERSION = YES;
				CLANG_WARN_NON_LITERAL_NULL_CONVERSION = YES;
				CLANG_WARN_OBJC_IMPLICIT_RETAIN_SELF = YES;
				CLANG_WARN_OBJC_LITERAL_CONVERSION = YES;
				CLANG_WARN_OBJC_ROOT_CLASS = YES_ERROR;
				CLANG_WARN_RANGE_LOOP_ANALYSIS = YES;
				CLANG_WARN_STRICT_PROTOTYPES = YES;
				CLANG_WARN_SUSPICIOUS_MOVE = YES;
				CLANG_WARN_UNGUARDED_AVAILABILITY = YES_AGGRESSIVE;
				CLANG_WARN_UNREACHABLE_CODE = YES;
				CLANG_WARN__DUPLICATE_METHOD_MATCH = YES;
				CODE_SIGN_IDENTITY = "iPhone Developer";
				COPY_PHASE_STRIP = NO;
				DEBUG_INFORMATION_FORMAT = "dwarf-with-dsym";
				ENABLE_NS_ASSERTIONS = NO;
				ENABLE_STRICT_OBJC_MSGSEND = YES;
				GCC_C_LANGUAGE_STANDARD = gnu11;
				GCC_NO_COMMON_BLOCKS = YES;
				GCC_WARN_64_TO_32_BIT_CONVERSION = YES;
				GCC_WARN_ABOUT_RETURN_TYPE = YES_ERROR;
				GCC_WARN_UNDECLARED_SELECTOR = YES;
				GCC_WARN_UNINITIALIZED_AUTOS = YES_AGGRESSIVE;
				GCC_WARN_UNUSED_FUNCTION = YES;
				GCC_WARN_UNUSED_VARIABLE = YES;
				IPHONEOS_DEPLOYMENT_TARGET = 12.1;
				MTL_ENABLE_DEBUG_INFO = NO;
				MTL_FAST_MATH = YES;
				SDKROOT = iphoneos;
				SWIFT_COMPILATION_MODE = wholemodule;
				SWIFT_OPTIMIZATION_LEVEL = "-O";
				VALIDATE_PRODUCT = YES;
			};
			name = Release;
		};
		001774AD226D17CF00A8B2D7 /* Debug */ = {
			isa = XCBuildConfiguration;
			baseConfigurationReference = B93064667D6728FA85FB5ACD /* Pods-PortableClasses.debug.xcconfig */;
			buildSettings = {
				ALWAYS_EMBED_SWIFT_STANDARD_LIBRARIES = YES;
				ASSETCATALOG_COMPILER_APPICON_NAME = AppIcon;
				CODE_SIGN_STYLE = Automatic;
				DEVELOPMENT_TEAM = GZ5BWT5578;
				INFOPLIST_FILE = PortableClasses/Info.plist;
				IPHONEOS_DEPLOYMENT_TARGET = 12.2;
				LD_RUNPATH_SEARCH_PATHS = (
					"$(inherited)",
					"@executable_path/Frameworks",
				);
				PRODUCT_BUNDLE_IDENTIFIER = ar4477.PortableClasses;
				PRODUCT_NAME = "$(TARGET_NAME)";
				SWIFT_VERSION = 4.2;
				TARGETED_DEVICE_FAMILY = "1,2";
			};
			name = Debug;
		};
		001774AE226D17CF00A8B2D7 /* Release */ = {
			isa = XCBuildConfiguration;
			baseConfigurationReference = FB24E2204722F16900D69772 /* Pods-PortableClasses.release.xcconfig */;
			buildSettings = {
				ALWAYS_EMBED_SWIFT_STANDARD_LIBRARIES = YES;
				ASSETCATALOG_COMPILER_APPICON_NAME = AppIcon;
				CODE_SIGN_STYLE = Automatic;
				DEVELOPMENT_TEAM = GZ5BWT5578;
				INFOPLIST_FILE = PortableClasses/Info.plist;
				IPHONEOS_DEPLOYMENT_TARGET = 12.2;
				LD_RUNPATH_SEARCH_PATHS = (
					"$(inherited)",
					"@executable_path/Frameworks",
				);
				PRODUCT_BUNDLE_IDENTIFIER = ar4477.PortableClasses;
				PRODUCT_NAME = "$(TARGET_NAME)";
				SWIFT_VERSION = 4.2;
				TARGETED_DEVICE_FAMILY = "1,2";
			};
			name = Release;
		};
		001774B0226D17CF00A8B2D7 /* Debug */ = {
			isa = XCBuildConfiguration;
			baseConfigurationReference = B041599370586A621C56B324 /* Pods-PortableClassesTests.debug.xcconfig */;
			buildSettings = {
				ALWAYS_EMBED_SWIFT_STANDARD_LIBRARIES = YES;
				BUNDLE_LOADER = "$(TEST_HOST)";
				CODE_SIGN_STYLE = Automatic;
				DEVELOPMENT_TEAM = RMK3DSSFMM;
				INFOPLIST_FILE = PortableClassesTests/Info.plist;
				LD_RUNPATH_SEARCH_PATHS = (
					"$(inherited)",
					"@executable_path/Frameworks",
					"@loader_path/Frameworks",
				);
				PRODUCT_BUNDLE_IDENTIFIER = dkg3.PortableClassesTests;
				PRODUCT_NAME = "$(TARGET_NAME)";
				SWIFT_VERSION = 4.2;
				TARGETED_DEVICE_FAMILY = "1,2";
				TEST_HOST = "$(BUILT_PRODUCTS_DIR)/PortableClasses.app/PortableClasses";
			};
			name = Debug;
		};
		001774B1226D17CF00A8B2D7 /* Release */ = {
			isa = XCBuildConfiguration;
			baseConfigurationReference = B0E867397573B3CF063D8FD6 /* Pods-PortableClassesTests.release.xcconfig */;
			buildSettings = {
				ALWAYS_EMBED_SWIFT_STANDARD_LIBRARIES = YES;
				BUNDLE_LOADER = "$(TEST_HOST)";
				CODE_SIGN_STYLE = Automatic;
				DEVELOPMENT_TEAM = RMK3DSSFMM;
				INFOPLIST_FILE = PortableClassesTests/Info.plist;
				LD_RUNPATH_SEARCH_PATHS = (
					"$(inherited)",
					"@executable_path/Frameworks",
					"@loader_path/Frameworks",
				);
				PRODUCT_BUNDLE_IDENTIFIER = dkg3.PortableClassesTests;
				PRODUCT_NAME = "$(TARGET_NAME)";
				SWIFT_VERSION = 4.2;
				TARGETED_DEVICE_FAMILY = "1,2";
				TEST_HOST = "$(BUILT_PRODUCTS_DIR)/PortableClasses.app/PortableClasses";
			};
			name = Release;
		};
		001774B3226D17CF00A8B2D7 /* Debug */ = {
			isa = XCBuildConfiguration;
			baseConfigurationReference = 7EED16BA45CC74AF064D962C /* Pods-PortableClassesUITests.debug.xcconfig */;
			buildSettings = {
				ALWAYS_EMBED_SWIFT_STANDARD_LIBRARIES = YES;
				CODE_SIGN_STYLE = Automatic;
				DEVELOPMENT_TEAM = RMK3DSSFMM;
				INFOPLIST_FILE = PortableClassesUITests/Info.plist;
				LD_RUNPATH_SEARCH_PATHS = (
					"$(inherited)",
					"@executable_path/Frameworks",
					"@loader_path/Frameworks",
				);
				PRODUCT_BUNDLE_IDENTIFIER = dkg3.PortableClassesUITests;
				PRODUCT_NAME = "$(TARGET_NAME)";
				SWIFT_VERSION = 4.2;
				TARGETED_DEVICE_FAMILY = "1,2";
				TEST_TARGET_NAME = PortableClasses;
			};
			name = Debug;
		};
		001774B4226D17CF00A8B2D7 /* Release */ = {
			isa = XCBuildConfiguration;
			baseConfigurationReference = E3E187DD64351AF8E5145AD9 /* Pods-PortableClassesUITests.release.xcconfig */;
			buildSettings = {
				ALWAYS_EMBED_SWIFT_STANDARD_LIBRARIES = YES;
				CODE_SIGN_STYLE = Automatic;
				DEVELOPMENT_TEAM = RMK3DSSFMM;
				INFOPLIST_FILE = PortableClassesUITests/Info.plist;
				LD_RUNPATH_SEARCH_PATHS = (
					"$(inherited)",
					"@executable_path/Frameworks",
					"@loader_path/Frameworks",
				);
				PRODUCT_BUNDLE_IDENTIFIER = dkg3.PortableClassesUITests;
				PRODUCT_NAME = "$(TARGET_NAME)";
				SWIFT_VERSION = 4.2;
				TARGETED_DEVICE_FAMILY = "1,2";
				TEST_TARGET_NAME = PortableClasses;
			};
			name = Release;
		};
/* End XCBuildConfiguration section */

/* Begin XCConfigurationList section */
		0017747F226D17CC00A8B2D7 /* Build configuration list for PBXProject "PortableClasses" */ = {
			isa = XCConfigurationList;
			buildConfigurations = (
				001774AA226D17CF00A8B2D7 /* Debug */,
				001774AB226D17CF00A8B2D7 /* Release */,
			);
			defaultConfigurationIsVisible = 0;
			defaultConfigurationName = Release;
		};
		001774AC226D17CF00A8B2D7 /* Build configuration list for PBXNativeTarget "PortableClasses" */ = {
			isa = XCConfigurationList;
			buildConfigurations = (
				001774AD226D17CF00A8B2D7 /* Debug */,
				001774AE226D17CF00A8B2D7 /* Release */,
			);
			defaultConfigurationIsVisible = 0;
			defaultConfigurationName = Release;
		};
		001774AF226D17CF00A8B2D7 /* Build configuration list for PBXNativeTarget "PortableClassesTests" */ = {
			isa = XCConfigurationList;
			buildConfigurations = (
				001774B0226D17CF00A8B2D7 /* Debug */,
				001774B1226D17CF00A8B2D7 /* Release */,
			);
			defaultConfigurationIsVisible = 0;
			defaultConfigurationName = Release;
		};
		001774B2226D17CF00A8B2D7 /* Build configuration list for PBXNativeTarget "PortableClassesUITests" */ = {
			isa = XCConfigurationList;
			buildConfigurations = (
				001774B3226D17CF00A8B2D7 /* Debug */,
				001774B4226D17CF00A8B2D7 /* Release */,
			);
			defaultConfigurationIsVisible = 0;
			defaultConfigurationName = Release;
		};
/* End XCConfigurationList section */
	};
	rootObject = 0017747C226D17CC00A8B2D7 /* Project object */;
}
